{
  "name": "artwork-search",
  "version": "0.0.1",
  "lockfileVersion": 1,
  "requires": true,
  "dependencies": {
    "@ionic/core": {
      "version": "5.5.4",
      "resolved": "https://registry.npmjs.org/@ionic/core/-/core-5.5.4.tgz",
      "integrity": "sha512-IjbGN8vh3XuJ2ulo3BMlMflcWlUhvEGEexr29JKFvb+O4bWKP5sC2fkqSrswrIstOmv7axm7CeIi2MNRkwYwVA==",
      "dev": true,
      "requires": {
        "ionicons": "^5.1.2",
        "tslib": "^1.10.0"
      }
    },
    "@stencil/core": {
      "version": "2.4.0",
      "resolved": "https://registry.npmjs.org/@stencil/core/-/core-2.4.0.tgz",
      "integrity": "sha512-gU6+Yyd6O0KrCSS/O6j8KKqmRo+/Dcs2fI0+APCpbAWK+nqhwDISpdnSEfGDCLMoAC08XOZCycBRk2K1VGnEcg==",
      "dev": true
    },
    "axios": {
      "version": "0.21.1",
      "resolved": "https://registry.npmjs.org/axios/-/axios-0.21.1.tgz",
      "integrity": "sha512-dKQiRHxGD9PPRIUNIWvZhPTPpl1rf/OxTYKsqKUDjBwYylTvV7SjSHJb9ratfyzM6wCdLCOYLzs73qpg5c4iGA==",
      "dev": true,
      "requires": {
        "follow-redirects": "^1.10.0"
      }
    },
    "axios-jsonp": {
      "version": "1.0.4",
      "resolved": "https://registry.npmjs.org/axios-jsonp/-/axios-jsonp-1.0.4.tgz",
      "integrity": "sha512-KI5Fc4ery6DR+oneXG09hPZfGuNUW8Lblhe750h53Z0Eh5MRsrHn49YitDU4RsMk0HV+12zcvL2Q51QkOLGdIQ==",
      "dev": true
    },
    "file-saver": {
      "version": "2.0.5",
      "resolved": "https://registry.npmjs.org/file-saver/-/file-saver-2.0.5.tgz",
      "integrity": "sha512-P9bmyZ3h/PRG+Nzga+rbdI4OEpNDzAVyy74uVO9ATgzLK6VtAsYybF/+TOCvrc0MO793d6+42lLyZTw7/ArVzA==",
      "dev": true
    },
    "follow-redirects": {
      "version": "1.13.2",
      "resolved": "https://registry.npmjs.org/follow-redirects/-/follow-redirects-1.13.2.tgz",
      "integrity": "sha512-6mPTgLxYm3r6Bkkg0vNM0HTjfGrOEtsfbhagQvbxDEsEkpNhw582upBaoRZylzen6krEmxXJgt9Ju6HiI4O7BA==",
      "dev": true
    },
    "ionicons": {
      "version": "5.5.0",
      "resolved": "https://registry.npmjs.org/ionicons/-/ionicons-5.5.0.tgz",
      "integrity": "sha512-0DUHTeoIrGSY+KNyNDaQW7v5+mDstjSkjx8dzT925kXKYBDrN3sGs8kUcSSQbTK132U4CbgDEZkn7FDUa9x8Qw==",
      "dev": true,
      "requires": {
        "@stencil/core": "^2.4.0"
      }
    },
    "tslib": {
      "version": "1.14.1",
      "resolved": "https://registry.npmjs.org/tslib/-/tslib-1.14.1.tgz",
      "integrity": "sha512-Xni35NKzjgMrwevysHTCArtLDpPvye8zV/0E4EyYn43P7/7qvQwPh9BGkHewbMulVntbigmcT7rdX3BNo9wRJg==",
      "dev": true
    }
  }
}
